version = 1
revision = 3
requires-python = ">=3.14"

[[package]]
name = "colorama"
version = "0.4.6"
source = { registry = "https://pypi.tuna.tsinghua.edu.cn/simple" }
sdist = { url = "https://pypi.tuna.tsinghua.edu.cn/packages/d8/53/6f443c9a4a8358a93a6792e2acffb9d9d5cb0a5cfd8802644b7b1c9a02e4/colorama-0.4.6.tar.gz", hash = "sha256:08695f5cb7ed6e0531a20572697297273c47b8cae5a63ffc6d6ed5c201be6e44", size = 27697, upload-time = "2022-10-25T02:36:22.414Z" }
wheels = [
    { url = "https://pypi.tuna.tsinghua.edu.cn/packages/d1/d6/3965ed04c63042e047cb6a3e6ed1a63a35087b6a609aa3a15ed8ac56c221/colorama-0.4.6-py2.py3-none-any.whl", hash = "sha256:4f1d9991f5acc0ca119f9d443620b77f9d6b33703e51011c16baf57afb285fc6", size = 25335, upload-time = "2022-10-25T02:36:20.889Z" },
]

[[package]]
name = "imagehash"
version = "4.3.2"
source = { registry = "https://pypi.tuna.tsinghua.edu.cn/simple" }
dependencies = [
    { name = "numpy" },
    { name = "pillow" },
    { name = "pywavelets" },
    { name = "scipy" },
]
sdist = { url = "https://pypi.tuna.tsinghua.edu.cn/packages/cd/de/5c0189b0582e21583c2a213081c35a2501c0f9e51f21f6a52f55fbb9a4ff/ImageHash-4.3.2.tar.gz", hash = "sha256:e54a79805afb82a34acde4746a16540503a9636fd1ffb31d8e099b29bbbf8156", size = 303190, upload-time = "2025-02-01T08:45:39.328Z" }
wheels = [
    { url = "https://pypi.tuna.tsinghua.edu.cn/packages/31/2c/5f0903a53a62029875aaa3884c38070cc388248a2c1b9aa935632669e5a7/ImageHash-4.3.2-py2.py3-none-any.whl", hash = "sha256:02b0f965f8c77cd813f61d7d39031ea27d4780e7ebcad56c6cd6a709acc06e5f", size = 296657, upload-time = "2025-02-01T08:45:36.102Z" },
]

[[package]]
name = "iniconfig"
version = "2.3.0"
source = { registry = "https://pypi.tuna.tsinghua.edu.cn/simple" }
sdist = { url = "https://pypi.tuna.tsinghua.edu.cn/packages/72/34/14ca021ce8e5dfedc35312d08ba8bf51fdd999c576889fc2c24cb97f4f10/iniconfig-2.3.0.tar.gz", hash = "sha256:c76315c77db068650d49c5b56314774a7804df16fee4402c1f19d6d15d8c4730", size = 20503, upload-time = "2025-10-18T21:55:43.219Z" }
wheels = [
    { url = "https://pypi.tuna.tsinghua.edu.cn/packages/cb/b1/3846dd7f199d53cb17f49cba7e651e9ce294d8497c8c150530ed11865bb8/iniconfig-2.3.0-py3-none-any.whl", hash = "sha256:f631c04d2c48c52b84d0d0549c99ff3859c98df65b3101406327ecc7d53fbf12", size = 7484, upload-time = "2025-10-18T21:55:41.639Z" },
]

[[package]]
name = "markdown-it-py"
version = "4.2.0"
source = { registry = "https://pypi.tuna.tsinghua.edu.cn/simple" }
dependencies = [
    { name = "mdurl" },
]
sdist = { url = "https://pypi.tuna.tsinghua.edu.cn/packages/06/ff/7841249c247aa650a76b9ee4bbaeae59370dc8bfd2f6c01f3630c35eb134/markdown_it_py-4.2.0.tar.gz", hash = "sha256:04a21681d6fbb623de53f6f364d352309d4094dd4194040a10fd51833e418d49", size = 82454, upload-time = "2026-05-07T12:08:28.36Z" }
wheels = [
    { url = "https://pypi.tuna.tsinghua.edu.cn/packages/b3/81/4da04ced5a082363ecfa159c010d200ecbd959ae410c10c0264a38cac0f5/markdown_it_py-4.2.0-py3-none-any.whl", hash = "sha256:9f7ebbcd14fe59494226453aed97c1070d83f8d24b6fc3a3bcf9a38092641c4a", size = 91687, upload-time = "2026-05-07T12:08:27.182Z" },
]

[[package]]
name = "mdurl"
version = "0.1.2"
source = { registry = "https://pypi.tuna.tsinghua.edu.cn/simple" }
sdist = { url = "https://pypi.tuna.tsinghua.edu.cn/packages/d6/54/cfe61301667036ec958cb99bd3efefba235e65cdeb9c84d24a8293ba1d90/mdurl-0.1.2.tar.gz", hash = "sha256:bb413d29f5eea38f31dd4754dd7377d4465116fb207585f97bf925588687c1ba", size = 8729, upload-time = "2022-08-14T12:40:10.846Z" }
wheels = [
    { url = "https://pypi.tuna.tsinghua.edu.cn/packages/b3/38/89ba8ad64ae25be8de66a6d463314cf1eb366222074cfda9ee839c56a4b4/mdurl-0.1.2-py3-none-any.whl", hash = "sha256:84008a41e51615a49fc9966191ff91509e3c40b939176e643fd50a5c2196b8f8", size = 9979, upload-time = "2022-08-14T12:40:09.779Z" },
]

[[package]]
name = "media-deduplication"
version = "0.1.0"
source = { editable = "." }
dependencies = [
    { name = "imagehash" },
    { name = "pillow" },
    { name = "rich" },
]

[package.dev-dependencies]
dev = [
    { name = "pytest" },
    { name = "ruff" },
    { name = "ty" },
]

[package.metadata]
requires-dist = [
    { name = "imagehash", specifier = ">=4.3.2" },
    { name = "pillow", specifier = ">=12.2.0" },
    { name = "rich", specifier = ">=15.0.0" },
]

[package.metadata.requires-dev]
dev = [
    { name = "pytest", specifier = ">=9.0.3" },
    { name = "ruff", specifier = ">=0.15.16" },
    { name = "ty", specifier = ">=0.0.44" },
]

[[package]]
name = "numpy"
version = "2.4.6"
source = { registry = "https://pypi.tuna.tsinghua.edu.cn/simple" }
sdist = { url = "https://pypi.tuna.tsinghua.edu.cn/packages/d0/ad/fed0499ce6a338d2a03ebae59cd15093910c8875328855781952abf6c2fe/numpy-2.4.6.tar.gz", hash = "sha256:f3a3570c4a2a16746ac2c31a7c7c7b0c186b95ce902e33db6f28094ed7387dda", size = 20735807, upload-time = "2026-05-18T23:37:14.07Z" }
wheels = [
    { url = "https://pypi.tuna.tsinghua.edu.cn/packages/f8/91/3ab2044d05fd16d343c5ac2e69b127f1b2854040dd20b193257c78028bd3/numpy-2.4.6-cp314-cp314-macosx_10_15_x86_64.whl", hash = "sha256:06ca2f61ec4385a07a6977c55ba998a4466c123642b4a32694d3128fce18c079", size = 16683458, upload-time = "2026-05-18T23:35:38.353Z" },
    { url = "https://pypi.tuna.tsinghua.edu.cn/packages/8e/62/764ce66fa4147ae6d73071a3abf804ffe606f174618697c571acdf26a7c9/numpy-2.4.6-cp314-cp314-macosx_11_0_arm64.whl", hash = "sha256:38efbc8de75c7a0fc1ac190162d892787f3f47b57cc291231aafee36b80982b7", size = 14704559, upload-time = "2026-05-18T23:35:42.14Z" },
    { url = "https://pypi.tuna.tsinghua.edu.cn/packages/60/61/23f27c172f022e04025b7dc2367f4d63c1a398120607ec896228649a6f48/numpy-2.4.6-cp314-cp314-macosx_14_0_arm64.whl", hash = "sha256:d581b735e177fdcdce6fed8e7e8880a3fb6ee4e3653a3ac6af01c6f4c03effc5", size = 5209716, upload-time = "2026-05-18T23:35:45.377Z" },
    { url = "https://pypi.tuna.tsinghua.edu.cn/packages/03/71/21cf70dc6ea3e3acb95fc53a265b2fc248b981f0194ceb5b475271b8809d/numpy-2.4.6-cp314-cp314-macosx_14_0_x86_64.whl", hash = "sha256:0a041d3d761dc3c35cc56ce0351506a02bcbc25f7b169f652435141a17db9096", size = 6543947, upload-time = "2026-05-18T23:35:47.926Z" },
    { url = "https://pypi.tuna.tsinghua.edu.cn/packages/d5/91/64288395ee1799bd2e0b04a305dce9666da90c961e1f3fe982a05ee1c036/numpy-2.4.6-cp314-cp314-manylinux_2_27_aarch64.manylinux_2_28_aarch64.whl", hash = "sha256:40fdc1ae7125e518ea98e53e69a4ebc27e1fd50510c47b7ea130cf21e5e1d42b", size = 15685197, upload-time = "2026-05-18T23:35:50.863Z" },
    { url = "https://pypi.tuna.tsinghua.edu.cn/packages/f3/eb/ebffaa97dc55502df69584a8f0dcf07f69a3e0b3e2323670a2722db9aa39/numpy-2.4.6-cp314-cp314-manylinux_2_27_x86_64.manylinux_2_28_x86_64.whl", hash = "sha256:a2c306dea656c12c68f51f4cea133cbe78ca7435eb28c735eac1d3ebe73be6e8", size = 16638245, upload-time = "2026-05-18T23:35:54.752Z" },
    { url = "https://pypi.tuna.tsinghua.edu.cn/packages/b8/0b/54f9da33128d7e350fab89c7455902eeae70349ee52bddb448dc4a576f45/numpy-2.4.6-cp314-cp314-musllinux_1_2_aarch64.whl", hash = "sha256:33111801a01c12a8a1e3721f0a9232f8cfc8ae2c6b7098167e6f623c6073f402", size = 17036587, upload-time = "2026-05-18T23:35:58.355Z" },
    { url = "https://pypi.tuna.tsinghua.edu.cn/packages/b6/f0/fdebc1052db1cc37c64beb22072d67cd6d1c71adca1299f53dec2b5e20d3/numpy-2.4.6-cp314-cp314-musllinux_1_2_x86_64.whl", hash = "sha256:ae506e6902902557576a26ff33eda8695e7ecb3cb36c3b573a0765dee114ebdb", size = 18363226, upload-time = "2026-05-18T23:36:02.845Z" },
    { url = "https://pypi.tuna.tsinghua.edu.cn/packages/aa/b4/298628d98c72b57e57f7165ae6a481a1deaf6f3c28262a6e4c739c275930/numpy-2.4.6-cp314-cp314-win32.whl", hash = "sha256:aaf159caa35993cb1f56fb9b8e4610d35758e7ca005412eb1daa856a78c9c4b1", size = 6010196, upload-time = "2026-05-18T23:36:05.92Z" },
    { url = "https://pypi.tuna.tsinghua.edu.cn/packages/df/ac/46de6dda46478f7942f839e094970be2d4a861e005c4b3bf07c92e291a09/numpy-2.4.6-cp314-cp314-win_amd64.whl", hash = "sha256:b507f5c4c1d508876d1819b6bf9a49d365b96320b5d4993426b33a23ca4b8261", size = 12450334, upload-time = "2026-05-18T23:36:09.107Z" },
    { url = "https://pypi.tuna.tsinghua.edu.cn/packages/78/92/b8b798ac784102c0da830d2257d59358e3d3d90d1e2b3f2575dad976c5cf/numpy-2.4.6-cp314-cp314-win_arm64.whl", hash = "sha256:6f41ae150c4e32db4f3310cdaf64b1593a03dbabe29eec77fc9b50fe64061df6", size = 10495678, upload-time = "2026-05-18T23:36:12.766Z" },
    { url = "https://pypi.tuna.tsinghua.edu.cn/packages/30/34/ec28d1aa8115971537c01469ab2011ee96827930f0a124de1000cc2a7ed7/numpy-2.4.6-cp314-cp314t-macosx_11_0_arm64.whl", hash = "sha256:ece3d2cfe132e7d51f44a832b303895e6f2d499c5e74dfbdb06ee246147a304a", size = 14823672, upload-time = "2026-05-18T23:36:16.473Z" },
    { url = "https://pypi.tuna.tsinghua.edu.cn/packages/16/bd/f6d1fede4e54e8042a7ff97bb495510f3c220f94bcd9e8b228e87c92cc0d/numpy-2.4.6-cp314-cp314t-macosx_14_0_arm64.whl", hash = "sha256:e3e5193ef5a3dc73bceee50f7fdc2c90dbb76c42df8d8fae3d1067a583df579e", size = 5328731, upload-time = "2026-05-18T23:36:19.767Z" },
    { url = "https://pypi.tuna.tsinghua.edu.cn/packages/f4/f0/e105b9e2fd728a9910103884decd6951d9dd73896b914a98d9a231de02ee/numpy-2.4.6-cp314-cp314t-macosx_14_0_x86_64.whl", hash = "sha256:17f9ade344e7d9b464a084d69bcf18fc691cb1db67c62ed80820bf4926d78f0e", size = 6649805, upload-time = "2026-05-18T23:36:22.266Z" },
    { url = "https://pypi.tuna.tsinghua.edu.cn/packages/82/dd/1206a7ca6ab15e3f02069707ca96222e202af681bb73756da7527f3cb837/numpy-2.4.6-cp314-cp314t-manylinux_2_27_aarch64.manylinux_2_28_aarch64.whl", hash = "sha256:9cd5ffd25db4e7ba6a375693b3fc0fc1791ec636c17db3720da19bde7180ec43", size = 15730496, upload-time = "2026-05-18T23:36:25.713Z" },
    { url = "https://pypi.tuna.tsinghua.edu.cn/packages/51/e7/38d3ea825dcab85a591734decb2f6c67caa7c8367d374df1a1c3842f9b07/numpy-2.4.6-cp314-cp314t-manylinux_2_27_x86_64.manylinux_2_28_x86_64.whl", hash = "sha256:7d92c3819208a60205a12a245c91ad70cb0a85336659b19b834205573ac8456e", size = 16679616, upload-time = "2026-05-18T23:36:29.652Z" },
    { url = "https://pypi.tuna.tsinghua.edu.cn/packages/93/b7/caabfdf53edf663e0b4eb74d7d405d83baef09eb5e83bcd32d601d72b93e/numpy-2.4.6-cp314-cp314t-musllinux_1_2_aarch64.whl", hash = "sha256:e85b752a1e912b70eaad4fafbd4d1238007ab221de2009b9a2f5ae7461239895", size = 17085145, upload-time = "2026-05-18T23:36:33.449Z" },
    { url = "https://pypi.tuna.tsinghua.edu.cn/packages/f9/45/68d7c33a6bcf3e5aa3bdbd57a367e6f615286dfd6482f97e8ffeb734306e/numpy-2.4.6-cp314-cp314t-musllinux_1_2_x86_64.whl", hash = "sha256:29cb7f67d10b479ff07c17d33e39f78c07f71c40ef30d63c153d340e96cd3fb4", size = 18403813, upload-time = "2026-05-18T23:36:37.369Z" },
    { url = "https://pypi.tuna.tsinghua.edu.cn/packages/9c/50/0753655aa844c99cd9e018aacf76f130f1bd81d881bb74bc0aef5d73a8ba/numpy-2.4.6-cp314-cp314t-win32.whl", hash = "sha256:260a5d70215b61ab4fadf5c7baacd64821842975eea312125ed3c39a6391b063", size = 6156982, upload-time = "2026-05-18T23:36:40.817Z" },
    { url = "https://pypi.tuna.tsinghua.edu.cn/packages/b2/d4/7c67becf668f973cb490cec3e98dfd799d866f9c989a54d355672cfa0db6/numpy-2.4.6-cp314-cp314t-win_amd64.whl", hash = "sha256:81a1cca95ed5bb92aa8b10dd2cdc9a0d3853a50fad926c28b5d7e8ea54389627", size = 12638908, upload-time = "2026-05-18T23:36:43.996Z" },
    { url = "https://pypi.tuna.tsinghua.edu.cn/packages/43/bb/e1c71a4295b1b1d1393d50dbb4f2a36283c6859d9d3892e84f00ec5a91d5/numpy-2.4.6-cp314-cp314t-win_arm64.whl", hash = "sha256:0c9136e14ed34a9e343a31c533d78a9813a69a3148332bce5e9821cb2f996e66", size = 10565867, upload-time = "2026-05-18T23:36:47.114Z" },
]

[[package]]
name = "packaging"
version = "26.2"
source = { registry = "https://pypi.tuna.tsinghua.edu.cn/simple" }
sdist = { url = "https://pypi.tuna.tsinghua.edu.cn/packages/d7/f1/e7a6dd94a8d4a5626c03e4e99c87f241ba9e350cd9e6d75123f992427270/packaging-26.2.tar.gz", hash = "sha256:ff452ff5a3e828ce110190feff1178bb1f2ea2281fa2075aadb987c2fb221661", size = 228134, upload-time = "2026-04-24T20:15:23.917Z" }
wheels = [
    { url = "https://pypi.tuna.tsinghua.edu.cn/packages/df/b2/87e62e8c3e2f4b32e5fe99e0b86d576da1312593b39f47d8ceef365e95ed/packaging-26.2-py3-none-any.whl", hash = "sha256:5fc45236b9446107ff2415ce77c807cee2862cb6fac22b8a73826d0693b0980e", size = 100195, upload-time = "2026-04-24T20:15:22.081Z" },
]

[[package]]
name = "pillow"
version = "12.2.0"
source = { registry = "https://pypi.tuna.tsinghua.edu.cn/simple" }
sdist = { url = "https://pypi.tuna.tsinghua.edu.cn/packages/8c/21/c2bcdd5906101a30244eaffc1b6e6ce71a31bd0742a01eb89e660ebfac2d/pillow-12.2.0.tar.gz", hash = "sha256:a830b1a40919539d07806aa58e1b114df53ddd43213d9c8b75847eee6c0182b5", size = 46987819, upload-time = "2026-04-01T14:46:17.687Z" }
wheels = [
    { url = "https://pypi.tuna.tsinghua.edu.cn/packages/bf/98/4595daa2365416a86cb0d495248a393dfc84e96d62ad080c8546256cb9c0/pillow-12.2.0-cp314-cp314-ios_13_0_arm64_iphoneos.whl", hash = "sha256:3adc9215e8be0448ed6e814966ecf3d9952f0ea40eb14e89a102b87f450660d8", size = 4100848, upload-time = "2026-04-01T14:44:48.48Z" },
    { url = "https://pypi.tuna.tsinghua.edu.cn/packages/0b/79/40184d464cf89f6663e18dfcf7ca21aae2491fff1a16127681bf1fa9b8cf/pillow-12.2.0-cp314-cp314-ios_13_0_arm64_iphonesimulator.whl", hash = "sha256:6a9adfc6d24b10f89588096364cc726174118c62130c817c2837c60cf08a392b", size = 4176515, upload-time = "2026-04-01T14:44:51.353Z" },
    { url = "https://pypi.tuna.tsinghua.edu.cn/packages/b0/63/703f86fd4c422a9cf722833670f4f71418fb116b2853ff7da722ea43f184/pillow-12.2.0-cp314-cp314-ios_13_0_x86_64_iphonesimulator.whl", hash = "sha256:6a6e67ea2e6feda684ed370f9a1c52e7a243631c025ba42149a2cc5934dec295", size = 3640159, upload-time = "2026-04-01T14:44:53.588Z" },
    { url = "https://pypi.tuna.tsinghua.edu.cn/packages/71/e0/fb22f797187d0be2270f83500aab851536101b254bfa1eae10795709d283/pillow-12.2.0-cp314-cp314-macosx_10_15_x86_64.whl", hash = "sha256:2bb4a8d594eacdfc59d9e5ad972aa8afdd48d584ffd5f13a937a664c3e7db0ed", size = 5312185, upload-time = "2026-04-01T14:44:56.039Z" },
    { url = "https://pypi.tuna.tsinghua.edu.cn/packages/ba/8c/1a9e46228571de18f8e28f16fabdfc20212a5d019f3e3303452b3f0a580d/pillow-12.2.0-cp314-cp314-macosx_11_0_arm64.whl", hash = "sha256:80b2da48193b2f33ed0c32c38140f9d3186583ce7d516526d462645fd98660ae", size = 4695386, upload-time = "2026-04-01T14:44:58.663Z" },
    { url = "https://pypi.tuna.tsinghua.edu.cn/packages/70/62/98f6b7f0c88b9addd0e87c217ded307b36be024d4ff8869a812b241d1345/pillow-12.2.0-cp314-cp314-manylinux2014_aarch64.manylinux_2_17_aarch64.whl", hash = "sha256:22db17c68434de69d8ecfc2fe821569195c0c373b25cccb9cbdacf2c6e53c601", size = 6280384, upload-time = "2026-04-01T14:45:01.5Z" },
    { url = "https://pypi.tuna.tsinghua.edu.cn/packages/5e/03/688747d2e91cfbe0e64f316cd2e8005698f76ada3130d0194664174fa5de/pillow-12.2.0-cp314-cp314-manylinux2014_x86_64.manylinux_2_17_x86_64.whl", hash = "sha256:7b14cc0106cd9aecda615dd6903840a058b4700fcb817687d0ee4fc8b6e389be", size = 8091599, upload-time = "2026-04-01T14:45:04.5Z" },
    { url = "https://pypi.tuna.tsinghua.edu.cn/packages/f6/35/577e22b936fcdd66537329b33af0b4ccfefaeabd8aec04b266528cddb33c/pillow-12.2.0-cp314-cp314-manylinux_2_27_aarch64.manylinux_2_28_aarch64.whl", hash = "sha256:8cbeb542b2ebc6fcdacabf8aca8c1a97c9b3ad3927d46b8723f9d4f033288a0f", size = 6396021, upload-time = "2026-04-01T14:45:07.117Z" },
    { url = "https://pypi.tuna.tsinghua.edu.cn/packages/11/8d/d2532ad2a603ca2b93ad9f5135732124e57811d0168155852f37fbce2458/pillow-12.2.0-cp314-cp314-manylinux_2_27_x86_64.manylinux_2_28_x86_64.whl", hash = "sha256:4bfd07bc812fbd20395212969e41931001fd59eb55a60658b0e5710872e95286", size = 7083360, upload-time = "2026-04-01T14:45:09.763Z" },
    { url = "https://pypi.tuna.tsinghua.edu.cn/packages/5e/26/d325f9f56c7e039034897e7380e9cc202b1e368bfd04d4cbe6a441f02885/pillow-12.2.0-cp314-cp314-musllinux_1_2_aarch64.whl", hash = "sha256:9aba9a17b623ef750a4d11b742cbafffeb48a869821252b30ee21b5e91392c50", size = 6507628, upload-time = "2026-04-01T14:45:12.378Z" },
    { url = "https://pypi.tuna.tsinghua.edu.cn/packages/5f/f7/769d5632ffb0988f1c5e7660b3e731e30f7f8ec4318e94d0a5d674eb65a4/pillow-12.2.0-cp314-cp314-musllinux_1_2_x86_64.whl", hash = "sha256:deede7c263feb25dba4e82ea23058a235dcc2fe1f6021025dc71f2b618e26104", size = 7209321, upload-time = "2026-04-01T14:45:15.122Z" },
    { url = "https://pypi.tuna.tsinghua.edu.cn/packages/6a/7a/c253e3c645cd47f1aceea6a8bacdba9991bf45bb7dfe927f7c893e89c93c/pillow-12.2.0-cp314-cp314-win32.whl", hash = "sha256:632ff19b2778e43162304d50da0181ce24ac5bb8180122cbe1bf4673428328c7", size = 6479723, upload-time = "2026-04-01T14:45:17.797Z" },
    { url = "https://pypi.tuna.tsinghua.edu.cn/packages/cd/8b/601e6566b957ca50e28725cb6c355c59c2c8609751efbecd980db44e0349/pillow-12.2.0-cp314-cp314-win_amd64.whl", hash = "sha256:4e6c62e9d237e9b65fac06857d511e90d8461a32adcc1b9065ea0c0fa3a28150", size = 7217400, upload-time = "2026-04-01T14:45:20.529Z" },
    { url = "https://pypi.tuna.tsinghua.edu.cn/packages/d6/94/220e46c73065c3e2951bb91c11a1fb636c8c9ad427ac3ce7d7f3359b9b2f/pillow-12.2.0-cp314-cp314-win_arm64.whl", hash = "sha256:b1c1fbd8a5a1af3412a0810d060a78b5136ec0836c8a4ef9aa11807f2a22f4e1", size = 2554835, upload-time = "2026-04-01T14:45:23.162Z" },
    { url = "https://pypi.tuna.tsinghua.edu.cn/packages/b6/ab/1b426a3974cb0e7da5c29ccff4807871d48110933a57207b5a676cccc155/pillow-12.2.0-cp314-cp314t-macosx_10_15_x86_64.whl", hash = "sha256:57850958fe9c751670e49b2cecf6294acc99e562531f4bd317fa5ddee2068463", size = 5314225, upload-time = "2026-04-01T14:45:25.637Z" },
    { url = "https://pypi.tuna.tsinghua.edu.cn/packages/19/1e/dce46f371be2438eecfee2a1960ee2a243bbe5e961890146d2dee1ff0f12/pillow-12.2.0-cp314-cp314t-macosx_11_0_arm64.whl", hash = "sha256:d5d38f1411c0ed9f97bcb49b7bd59b6b7c314e0e27420e34d99d844b9ce3b6f3", size = 4698541, upload-time = "2026-04-01T14:45:28.355Z" },
    { url = "https://pypi.tuna.tsinghua.edu.cn/packages/55/c3/7fbecf70adb3a0c33b77a300dc52e424dc22ad8cdc06557a2e49523b703d/pillow-12.2.0-cp314-cp314t-manylinux2014_aarch64.manylinux_2_17_aarch64.whl", hash = "sha256:5c0a9f29ca8e79f09de89293f82fc9b0270bb4af1d58bc98f540cc4aedf03166", size = 6322251, upload-time = "2026-04-01T14:45:30.924Z" },
    { url = "https://pypi.tuna.tsinghua.edu.cn/packages/1c/3c/7fbc17cfb7e4fe0ef1642e0abc17fc6c94c9f7a16be41498e12e2ba60408/pillow-12.2.0-cp314-cp314t-manylinux2014_x86_64.manylinux_2_17_x86_64.whl", hash = "sha256:1610dd6c61621ae1cf811bef44d77e149ce3f7b95afe66a4512f8c59f25d9ebe", size = 8127807, upload-time = "2026-04-01T14:45:33.908Z" },
    { url = "https://pypi.tuna.tsinghua.edu.cn/packages/ff/c3/a8ae14d6defd2e448493ff512fae903b1e9bd40b72efb6ec55ce0048c8ce/pillow-12.2.0-cp314-cp314t-manylinux_2_27_aarch64.manylinux_2_28_aarch64.whl", hash = "sha256:0a34329707af4f73cf1782a36cd2289c0368880654a2c11f027bcee9052d35dd", size = 6433935, upload-time = "2026-04-01T14:45:36.623Z" },
    { url = "https://pypi.tuna.tsinghua.edu.cn/packages/6e/32/2880fb3a074847ac159d8f902cb43278a61e85f681661e7419e6596803ed/pillow-12.2.0-cp314-cp314t-manylinux_2_27_x86_64.manylinux_2_28_x86_64.whl", hash = "sha256:8e9c4f5b3c546fa3458a29ab22646c1c6c787ea8f5ef51300e5a60300736905e", size = 7116720, upload-time = "2026-04-01T14:45:39.258Z" },
    { url = "https://pypi.tuna.tsinghua.edu.cn/packages/46/87/495cc9c30e0129501643f24d320076f4cc54f718341df18cc70ec94c44e1/pillow-12.2.0-cp314-cp314t-musllinux_1_2_aarch64.whl", hash = "sha256:fb043ee2f06b41473269765c2feae53fc2e2fbf96e5e22ca94fb5ad677856f06", size = 6540498, upload-time = "2026-04-01T14:45:41.879Z" },
    { url = "https://pypi.tuna.tsinghua.edu.cn/packages/18/53/773f5edca692009d883a72211b60fdaf8871cbef075eaa9d577f0a2f989e/pillow-12.2.0-cp314-cp314t-musllinux_1_2_x86_64.whl", hash = "sha256:f278f034eb75b4e8a13a54a876cc4a5ab39173d2cdd93a638e1b467fc545ac43", size = 7239413, upload-time = "2026-04-01T14:45:44.705Z" },
    { url = "https://pypi.tuna.tsinghua.edu.cn/packages/c9/e4/4b64a97d71b2a83158134abbb2f5bd3f8a2ea691361282f010998f339ec7/pillow-12.2.0-cp314-cp314t-win32.whl", hash = "sha256:6bb77b2dcb06b20f9f4b4a8454caa581cd4dd0643a08bacf821216a16d9c8354", size = 6482084, upload-time = "2026-04-01T14:45:47.568Z" },
    { url = "https://pypi.tuna.tsinghua.edu.cn/packages/ba/13/306d275efd3a3453f72114b7431c877d10b1154014c1ebbedd067770d629/pillow-12.2.0-cp314-cp314t-win_amd64.whl", hash = "sha256:6562ace0d3fb5f20ed7290f1f929cae41b25ae29528f2af1722966a0a02e2aa1", size = 7225152, upload-time = "2026-04-01T14:45:50.032Z" },
    { url = "https://pypi.tuna.tsinghua.edu.cn/packages/ff/6e/cf826fae916b8658848d7b9f38d88da6396895c676e8086fc0988073aaf8/pillow-12.2.0-cp314-cp314t-win_arm64.whl", hash = "sha256:aa88ccfe4e32d362816319ed727a004423aab09c5cea43c01a4b435643fa34eb", size = 2556579, upload-time = "2026-04-01T14:45:52.529Z" },
]

[[package]]
name = "pluggy"
version = "1.6.0"
source = { registry = "https://pypi.tuna.tsinghua.edu.cn/simple" }
sdist = { url = "https://pypi.tuna.tsinghua.edu.cn/packages/f9/e2/3e91f31a7d2b083fe6ef3fa267035b518369d9511ffab804f839851d2779/pluggy-1.6.0.tar.gz", hash = "sha256:7dcc130b76258d33b90f61b658791dede3486c3e6bfb003ee5c9bfb396dd22f3", size = 69412, upload-time = "2025-05-15T12:30:07.975Z" }
wheels = [
    { url = "https://pypi.tuna.tsinghua.edu.cn/packages/54/20/4d324d65cc6d9205fabedc306948156824eb9f0ee1633355a8f7ec5c66bf/pluggy-1.6.0-py3-none-any.whl", hash = "sha256:e920276dd6813095e9377c0bc5566d94c932c33b27a3e3945d8389c374dd4746", size = 20538, upload-time = "2025-05-15T12:30:06.134Z" },
]

[[package]]
name = "pygments"
version = "2.20.0"
source = { registry = "https://pypi.tuna.tsinghua.edu.cn/simple" }
sdist = { url = "https://pypi.tuna.tsinghua.edu.cn/packages/c3/b2/bc9c9196916376152d655522fdcebac55e66de6603a76a02bca1b6414f6c/pygments-2.20.0.tar.gz", hash = "sha256:6757cd03768053ff99f3039c1a36d6c0aa0b263438fcab17520b30a303a82b5f", size = 4955991, upload-time = "2026-03-29T13:29:33.898Z" }
wheels = [
    { url = "https://pypi.tuna.tsinghua.edu.cn/packages/f4/7e/a72dd26f3b0f4f2bf1dd8923c85f7ceb43172af56d63c7383eb62b332364/pygments-2.20.0-py3-none-any.whl", hash = "sha256:81a9e26dd42fd28a23a2d169d86d7ac03b46e2f8b59ed4698fb4785f946d0176", size = 1231151, upload-time = "2026-03-29T13:29:30.038Z" },
]

[[package]]
name = "pytest"
version = "9.0.3"
source = { registry = "https://pypi.tuna.tsinghua.edu.cn/simple" }
dependencies = [
    { name = "colorama", marker = "sys_platform == 'win32'" },
    { name = "iniconfig" },
    { name = "packaging" },
    { name = "pluggy" },
    { name = "pygments" },
]
sdist = { url = "https://pypi.tuna.tsinghua.edu.cn/packages/7d/0d/549bd94f1a0a402dc8cf64563a117c0f3765662e2e668477624baeec44d5/pytest-9.0.3.tar.gz", hash = "sha256:b86ada508af81d19edeb213c681b1d48246c1a91d304c6c81a427674c17eb91c", size = 1572165, upload-time = "2026-04-07T17:16:18.027Z" }
wheels = [
    { url = "https://pypi.tuna.tsinghua.edu.cn/packages/d4/24/a372aaf5c9b7208e7112038812994107bc65a84cd00e0354a88c2c77a617/pytest-9.0.3-py3-none-any.whl", hash = "sha256:2c5efc453d45394fdd706ade797c0a81091eccd1d6e4bccfcd476e2b8e0ab5d9", size = 375249, upload-time = "2026-04-07T17:16:16.13Z" },
]

[[package]]
name = "pywavelets"
version = "1.9.0"
source = { registry = "https://pypi.tuna.tsinghua.edu.cn/simple" }
dependencies = [
    { name = "numpy" },
]
sdist = { url = "https://pypi.tuna.tsinghua.edu.cn/packages/5a/75/50581633d199812205ea8cdd0f6d52f12a624886b74bf1486335b67f01ff/pywavelets-1.9.0.tar.gz", hash = "sha256:148d12203377772bea452a59211d98649c8ee4a05eff019a9021853a36babdc8", size = 3938340, upload-time = "2025-08-04T16:20:04.978Z" }
wheels = [
    { url = "https://pypi.tuna.tsinghua.edu.cn/packages/ba/1f/18c82122547c9eec2232d800b02ada1fbd30ce2136137b5738acca9d653e/pywavelets-1.9.0-cp314-cp314-macosx_10_13_x86_64.whl", hash = "sha256:53043d2f3f4e55a576f51ac594fe33181e1d096d958e01524db5070eb3825306", size = 4314440, upload-time = "2025-08-04T16:19:39.701Z" },
    { url = "https://pypi.tuna.tsinghua.edu.cn/packages/eb/e1/1c92ac6b538ef5388caf1a74af61cf6af16ea6d14115bb53357469cb38d6/pywavelets-1.9.0-cp314-cp314-macosx_11_0_arm64.whl", hash = "sha256:56bc36b42b1b125fd9cb56e7956b22f8d0f83c1093f49c77fc042135e588c799", size = 4290162, upload-time = "2025-08-04T16:19:41.322Z" },
    { url = "https://pypi.tuna.tsinghua.edu.cn/packages/96/d3/d856a2cac8069c20144598fa30a43ca40b5df2e633230848a9a942faf04a/pywavelets-1.9.0-cp314-cp314-manylinux_2_27_aarch64.manylinux_2_28_aarch64.whl", hash = "sha256:08076eb9a182ddc6054ac86868fb71df6267c341635036dc63d20bdbacd9ad7e", size = 4437162, upload-time = "2025-08-04T16:19:42.556Z" },
    { url = "https://pypi.tuna.tsinghua.edu.cn/packages/c9/54/777e0495acd4fb008791e84889be33d6e7fc8af095b441d939390b7d2491/pywavelets-1.9.0-cp314-cp314-manylinux_2_27_x86_64.manylinux_2_28_x86_64.whl", hash = "sha256:4ee1ee7d80f88c64b8ec3b5021dd1e94545cc97f0cd479fb51aa7b10f6def08e", size = 4498169, upload-time = "2025-08-04T16:19:43.791Z" },
    { url = "https://pypi.tuna.tsinghua.edu.cn/packages/76/68/81b97f4d18491a18fbe17e06e2eee80a591ce445942f7b6f522de07813c5/pywavelets-1.9.0-cp314-cp314-musllinux_1_2_aarch64.whl", hash = "sha256:3226b6f62838a6ccd7782cb7449ee5d8b9d61999506c1d9b03b2baf41b01b6fd", size = 4443318, upload-time = "2025-08-04T16:19:45.368Z" },
    { url = "https://pypi.tuna.tsinghua.edu.cn/packages/92/74/5147f2f0436f7aa131cb1bc13dba32ef5f3862748ae1c7366b4cde380362/pywavelets-1.9.0-cp314-cp314-musllinux_1_2_x86_64.whl", hash = "sha256:9fb7f4b11d18e2db6dd8deee7b3ce8343d45f195f3f278c2af6e3724b1b93a24", size = 4503294, upload-time = "2025-08-04T16:19:46.632Z" },
    { url = "https://pypi.tuna.tsinghua.edu.cn/packages/3d/d4/af998cc71e869919e0ab45471bd43e91d055ac7bc3ce6f56cc792c9b6bc8/pywavelets-1.9.0-cp314-cp314-win32.whl", hash = "sha256:9902d9fc9812588ab2dce359a1307d8e7f002b53a835640e2c9388fe62a82fd4", size = 4144478, upload-time = "2025-08-04T16:19:47.974Z" },
    { url = "https://pypi.tuna.tsinghua.edu.cn/packages/7d/66/1d071eae5cc3e3ad0e45334462f8ce526a79767ccb759eb851aa5b78a73a/pywavelets-1.9.0-cp314-cp314-win_amd64.whl", hash = "sha256:7e57792bde40e331d6cc65458e5970fd814dba18cfc4e9add9d051e901a7b7c7", size = 4227186, upload-time = "2025-08-04T16:19:49.57Z" },
    { url = "https://pypi.tuna.tsinghua.edu.cn/packages/bf/1f/da0c03ac99bd9d20409c0acf6417806d4cf333d70621da9f535dd0cf27fa/pywavelets-1.9.0-cp314-cp314t-macosx_10_13_x86_64.whl", hash = "sha256:b47c72fb4b76d665c4c598a5b621b505944e5b761bf03df9d169029aafcb652f", size = 4354391, upload-time = "2025-08-04T16:19:51.221Z" },
    { url = "https://pypi.tuna.tsinghua.edu.cn/packages/95/b6/de9e225d8cc307fbb4fda88aefa79442775d5e27c58ee4d3c8a8580ceba6/pywavelets-1.9.0-cp314-cp314t-macosx_11_0_arm64.whl", hash = "sha256:969e369899e7eab546ea5d77074e4125082e6f9dad71966499bf5dee3758be55", size = 4335810, upload-time = "2025-08-04T16:19:52.813Z" },
    { url = "https://pypi.tuna.tsinghua.edu.cn/packages/33/3b/336761359d07cd44a4233ca854704ff2a9e78d285879ccc82d254b9daa57/pywavelets-1.9.0-cp314-cp314t-manylinux_2_27_aarch64.manylinux_2_28_aarch64.whl", hash = "sha256:8aeffd4f35036c1fade972a61454de5709a7a8fc9a7d177eefe3ac34d76962e5", size = 4422220, upload-time = "2025-08-04T16:19:54.068Z" },
    { url = "https://pypi.tuna.tsinghua.edu.cn/packages/98/61/76ccc7ada127f14f65eda40e37407b344fd3713acfca7a94d7f0f67fe57d/pywavelets-1.9.0-cp314-cp314t-manylinux_2_27_x86_64.manylinux_2_28_x86_64.whl", hash = "sha256:f63f400fcd4e7007529bd06a5886009760da35cd7e76bb6adb5a5fbee4ffeb8c", size = 4470156, upload-time = "2025-08-04T16:19:55.379Z" },
    { url = "https://pypi.tuna.tsinghua.edu.cn/packages/e0/de/142ca27ee729cf64113c2560748fcf2bd45b899ff282d6f6f3c0e7f177bb/pywavelets-1.9.0-cp314-cp314t-musllinux_1_2_aarch64.whl", hash = "sha256:a63bcb6b5759a7eb187aeb5e8cd316b7adab7de1f4b5a0446c9a6bcebdfc22fb", size = 4430167, upload-time = "2025-08-04T16:19:56.566Z" },
    { url = "https://pypi.tuna.tsinghua.edu.cn/packages/ca/5e/90b39adff710d698c00ba9c3125e2bec99dad7c5f1a3ba37c73a78a6689f/pywavelets-1.9.0-cp314-cp314t-musllinux_1_2_x86_64.whl", hash = "sha256:9950eb7c8b942e9bfa53d87c7e45a420dcddbd835c4c5f1aca045a3f775c6113", size = 4477378, upload-time = "2025-08-04T16:19:58.162Z" },
    { url = "https://pypi.tuna.tsinghua.edu.cn/packages/f1/1a/89f5f4ebcb9d34d9b7b2ac0a868c8b6d8c78d699a36f54407a060cea0566/pywavelets-1.9.0-cp314-cp314t-win32.whl", hash = "sha256:097f157e07858a1eb370e0d9c1bd11185acdece5cca10756d6c3c7b35b52771a", size = 4209132, upload-time = "2025-08-04T16:20:00.371Z" },
    { url = "https://pypi.tuna.tsinghua.edu.cn/packages/68/d2/a8065103f5e2e613b916489e6c85af6402a1ec64f346d1429e2d32cb8d03/pywavelets-1.9.0-cp314-cp314t-win_amd64.whl", hash = "sha256:3b6ff6ba4f625d8c955f68c2c39b0a913776d406ab31ee4057f34ad4019fb33b", size = 4306793, upload-time = "2025-08-04T16:20:02.934Z" },
]

[[package]]
name = "rich"
version = "15.0.0"
source = { registry = "https://pypi.tuna.tsinghua.edu.cn/simple" }
dependencies = [
    { name = "markdown-it-py" },
    { name = "pygments" },
]
sdist = { url = "https://pypi.tuna.tsinghua.edu.cn/packages/c0/8f/0722ca900cc807c13a6a0c696dacf35430f72e0ec571c4275d2371fca3e9/rich-15.0.0.tar.gz", hash = "sha256:edd07a4824c6b40189fb7ac9bc4c52536e9780fbbfbddf6f1e2502c31b068c36", size = 230680, upload-time = "2026-04-12T08:24:00.75Z" }
wheels = [
    { url = "https://pypi.tuna.tsinghua.edu.cn/packages/82/3b/64d4899d73f91ba49a8c18a8ff3f0ea8f1c1d75481760df8c68ef5235bf5/rich-15.0.0-py3-none-any.whl", hash = "sha256:33bd4ef74232fb73fe9279a257718407f169c09b78a87ad3d296f548e27de0bb", size = 310654, upload-time = "2026-04-12T08:24:02.83Z" },
]

[[package]]
name = "ruff"
version = "0.15.16"
source = { registry = "https://pypi.tuna.tsinghua.edu.cn/simple" }
sdist = { url = "https://pypi.tuna.tsinghua.edu.cn/packages/a6/bd/5f7ec371001337d8fa61701c186ff8b613ecac1651848c5950f4c4d5f2e9/ruff-0.15.16.tar.gz", hash = "sha256:d05e78d38c78caf020b03789e25106c93017db5a0cb6e2819885018c61343b78", size = 4714267, upload-time = "2026-06-04T16:33:09.974Z" }
wheels = [
    { url = "https://pypi.tuna.tsinghua.edu.cn/packages/0c/42/53ef1c3953f157956db9bf7861e3bc50b9b887ce93300aa48cdba8336fe6/ruff-0.15.16-py3-none-linux_armv6l.whl", hash = "sha256:6ac3c0b3969cc6cf6b158c4e2f8f682acb58e7d700d8a44b65ecdc72d66ab0b2", size = 10709025, upload-time = "2026-06-04T16:32:51.935Z" },
    { url = "https://pypi.tuna.tsinghua.edu.cn/packages/93/9a/a79159346f19134a956607754e57d8d128f7a4c00f4ad2f7514d224c172c/ruff-0.15.16-py3-none-macosx_10_12_x86_64.whl", hash = "sha256:197c207ed75ffba54a0dec23db4aa939a27a3053073e085e0042433cbdc58e4a", size = 11063550, upload-time = "2026-06-04T16:32:42.24Z" },
    { url = "https://pypi.tuna.tsinghua.edu.cn/packages/bc/72/3ce2ac000a5299ec238e01f51397b3b653c93b077d9b1bfe8715bb895f20/ruff-0.15.16-py3-none-macosx_11_0_arm64.whl", hash = "sha256:3a39fec45ab316cc23e7558f23fea4a70403ddb5648ea9a4a3854a16973d0071", size = 10421345, upload-time = "2026-06-04T16:32:37.251Z" },
    { url = "https://pypi.tuna.tsinghua.edu.cn/packages/b0/c2/cc7fad3ec9169373f5b6a18f1917b91080feec40c3f9658334a1d28e2f03/ruff-0.15.16-py3-none-manylinux_2_17_aarch64.manylinux2014_aarch64.whl", hash = "sha256:ba93191d79003116b95128c9d306e045200fdbd0bccb782b110f3cd1d4abc5cf", size = 10757217, upload-time = "2026-06-04T16:32:54.722Z" },
    { url = "https://pypi.tuna.tsinghua.edu.cn/packages/69/d2/3474009eaa0a65b31fa7152a2fad5e2f050c640ceb1e6b02ee6922e94c82/ruff-0.15.16-py3-none-manylinux_2_17_armv7l.manylinux2014_armv7l.whl", hash = "sha256:c6ee4b90520630120ef032aa5cc10db483852dff950e78b1d717e2993a61ac8d", size = 10507035, upload-time = "2026-06-04T16:33:05.343Z" },
    { url = "https://pypi.tuna.tsinghua.edu.cn/packages/ca/81/b7ae6ccbd11f0c8dc3d5d67fc4be9b57ff57ca86ba56152021378e1277f2/ruff-0.15.16-py3-none-manylinux_2_17_i686.manylinux2014_i686.whl", hash = "sha256:4e4215bc938bc3c8215c1472c1aa437e310fee20cd427335fec9d7e609563628", size = 11255291, upload-time = "2026-06-04T16:32:49.49Z" },
    { url = "https://pypi.tuna.tsinghua.edu.cn/packages/d9/e1/46e526f1a7cc90857ce6ddf25fbb77eb6568651ac38d71b033af07076dd5/ruff-0.15.16-py3-none-manylinux_2_17_ppc64le.manylinux2014_ppc64le.whl", hash = "sha256:7c8d26be963b090f10e29abc8b3e74a2a321f6fa34e02424e30b5af89350ecbb", size = 12124922, upload-time = "2026-06-04T16:33:07.821Z" },
    { url = "https://pypi.tuna.tsinghua.edu.cn/packages/1a/da/5c791b088b596b24d0deb967fa28ae02ad751a140c0b9ea81c5ab915d6c0/ruff-0.15.16-py3-none-manylinux_2_17_s390x.manylinux2014_s390x.whl", hash = "sha256:f198cf4123602a2280ed46c307bcbafe41758d6fee5b456b6b6058ca1514b3b4", size = 11332186, upload-time = "2026-06-04T16:33:02.971Z" },
    { url = "https://pypi.tuna.tsinghua.edu.cn/packages/72/11/5da87abe20047c8962361473923ebb2f62b595250126aadfad8c20649c1e/ruff-0.15.16-py3-none-manylinux_2_17_x86_64.manylinux2014_x86_64.whl", hash = "sha256:bb27515fa6240fb586ae82b901a59e67d24acff86f2190b433dc542fe0435aeb", size = 11373541, upload-time = "2026-06-04T16:32:47.007Z" },
    { url = "https://pypi.tuna.tsinghua.edu.cn/packages/fe/2a/8554754c23a854ae3fd6b507e36ad61ddb121e298c6d5d617dec94ed0f14/ruff-0.15.16-py3-none-manylinux_2_31_riscv64.whl", hash = "sha256:a267c46ba1593fc26b8eecbea050b39d40c0b6bb7781ee11c90a02cd10032951", size = 11353014, upload-time = "2026-06-04T16:32:34.795Z" },
    { url = "https://pypi.tuna.tsinghua.edu.cn/packages/62/25/62ea41529ec89f742ea3fed9cb1059c72877ec7cf9b9e99ac9cf3294d1d9/ruff-0.15.16-py3-none-musllinux_1_2_aarch64.whl", hash = "sha256:528c68f39a91498a8d50e91ff5985df3d105782bab49cc378e73ac26bff083e8", size = 10737467, upload-time = "2026-06-04T16:32:26.348Z" },
    { url = "https://pypi.tuna.tsinghua.edu.cn/packages/90/17/334d3ad9de4d40f9dd58fdd09e35ce64553bb501e2f19a839e2fb6be14fc/ruff-0.15.16-py3-none-musllinux_1_2_armv7l.whl", hash = "sha256:7ed55c58950df60589a9a7a5d2f8fa5f54ebd287163be805adfe6ee95a9de123", size = 10521910, upload-time = "2026-06-04T16:32:32.54Z" },
    { url = "https://pypi.tuna.tsinghua.edu.cn/packages/4d/bd/3ac7c6ae77a885c1004b3dda2446ea401768d24f851c14b4ad4b24f6639c/ruff-0.15.16-py3-none-musllinux_1_2_i686.whl", hash = "sha256:d482feaf51512b50f9790ceb417a56a61dd1e9d9bf967662b9ed27c01b34f53a", size = 10979190, upload-time = "2026-06-04T16:32:57.492Z" },
    { url = "https://pypi.tuna.tsinghua.edu.cn/packages/33/d7/609546e6a413c3f216fbf2a50c928f97c80939154f6a0503114094a86191/ruff-0.15.16-py3-none-musllinux_1_2_x86_64.whl", hash = "sha256:1e15bc8c94513dae2a40cc9ef07c94fdd4ecc9e29dabebeebe170f952322c9e3", size = 11477014, upload-time = "2026-06-04T16:32:44.687Z" },
    { url = "https://pypi.tuna.tsinghua.edu.cn/packages/74/0d/f2cd247ad32633a5c36e97141a2c21b11c6279f7957bc2ff360b1e08fddd/ruff-0.15.16-py3-none-win32.whl", hash = "sha256:580378f7bd4aa25f72e74aa54948a9622f142b1e509521dd10902e886681cc1e", size = 10735541, upload-time = "2026-06-04T16:32:30.145Z" },
    { url = "https://pypi.tuna.tsinghua.edu.cn/packages/8b/9e/02e845ef151b1dee585e55c4739f8e1734ae1d9f1221dff65761c162208b/ruff-0.15.16-py3-none-win_amd64.whl", hash = "sha256:408256017284eddf98fff77b29aa4fb30f586042d535b2d9befc6512f400aaec", size = 11843403, upload-time = "2026-06-04T16:32:39.76Z" },
    { url = "https://pypi.tuna.tsinghua.edu.cn/packages/15/19/016553f86f207450aebebc2b2b5088d086b901cc8186c02ac4284db3bd88/ruff-0.15.16-py3-none-win_arm64.whl", hash = "sha256:8cd61783afb39638a7133ef0d2dfb1e91277593962f81b5a8423eb0b888a6121", size = 11134555, upload-time = "2026-06-04T16:33:00.136Z" },
]

[[package]]
name = "scipy"
version = "1.17.1"
source = { registry = "https://pypi.tuna.tsinghua.edu.cn/simple" }
dependencies = [
    { name = "numpy" },
]
sdist = { url = "https://pypi.tuna.tsinghua.edu.cn/packages/7a/97/5a3609c4f8d58b039179648e62dd220f89864f56f7357f5d4f45c29eb2cc/scipy-1.17.1.tar.gz", hash = "sha256:95d8e012d8cb8816c226aef832200b1d45109ed4464303e997c5b13122b297c0", size = 30573822, upload-time = "2026-02-23T00:26:24.851Z" }
wheels = [
    { url = "https://pypi.tuna.tsinghua.edu.cn/packages/cf/83/333afb452af6f0fd70414dc04f898647ee1423979ce02efa75c3b0f2c28e/scipy-1.17.1-cp314-cp314-macosx_10_14_x86_64.whl", hash = "sha256:a48a72c77a310327f6a3a920092fa2b8fd03d7deaa60f093038f22d98e096717", size = 31584510, upload-time = "2026-02-23T00:21:01.015Z" },
    { url = "https://pypi.tuna.tsinghua.edu.cn/packages/ed/a6/d05a85fd51daeb2e4ea71d102f15b34fedca8e931af02594193ae4fd25f7/scipy-1.17.1-cp314-cp314-macosx_12_0_arm64.whl", hash = "sha256:45abad819184f07240d8a696117a7aacd39787af9e0b719d00285549ed19a1e9", size = 28170131, upload-time = "2026-02-23T00:21:05.888Z" },
    { url = "https://pypi.tuna.tsinghua.edu.cn/packages/db/7b/8624a203326675d7746a254083a187398090a179335b2e4a20e2ddc46e83/scipy-1.17.1-cp314-cp314-macosx_14_0_arm64.whl", hash = "sha256:3fd1fcdab3ea951b610dc4cef356d416d5802991e7e32b5254828d342f7b7e0b", size = 20342032, upload-time = "2026-02-23T00:21:09.904Z" },
    { url = "https://pypi.tuna.tsinghua.edu.cn/packages/c9/35/2c342897c00775d688d8ff3987aced3426858fd89d5a0e26e020b660b301/scipy-1.17.1-cp314-cp314-macosx_14_0_x86_64.whl", hash = "sha256:7bdf2da170b67fdf10bca777614b1c7d96ae3ca5794fd9587dce41eb2966e866", size = 22678766, upload-time = "2026-02-23T00:21:14.313Z" },
    { url = "https://pypi.tuna.tsinghua.edu.cn/packages/ef/f2/7cdb8eb308a1a6ae1e19f945913c82c23c0c442a462a46480ce487fdc0ac/scipy-1.17.1-cp314-cp314-manylinux_2_27_aarch64.manylinux_2_28_aarch64.whl", hash = "sha256:adb2642e060a6549c343603a3851ba76ef0b74cc8c079a9a58121c7ec9fe2350", size = 32957007, upload-time = "2026-02-23T00:21:19.663Z" },
    { url = "https://pypi.tuna.tsinghua.edu.cn/packages/0b/2e/7eea398450457ecb54e18e9d10110993fa65561c4f3add5e8eccd2b9cd41/scipy-1.17.1-cp314-cp314-manylinux_2_27_x86_64.manylinux_2_28_x86_64.whl", hash = "sha256:eee2cfda04c00a857206a4330f0c5e3e56535494e30ca445eb19ec624ae75118", size = 35221333, upload-time = "2026-02-23T00:21:25.278Z" },
    { url = "https://pypi.tuna.tsinghua.edu.cn/packages/d9/77/5b8509d03b77f093a0d52e606d3c4f79e8b06d1d38c441dacb1e26cacf46/scipy-1.17.1-cp314-cp314-musllinux_1_2_aarch64.whl", hash = "sha256:d2650c1fb97e184d12d8ba010493ee7b322864f7d3d00d3f9bb97d9c21de4068", size = 35042066, upload-time = "2026-02-23T00:21:31.358Z" },
    { url = "https://pypi.tuna.tsinghua.edu.cn/packages/f9/df/18f80fb99df40b4070328d5ae5c596f2f00fffb50167e31439e932f29e7d/scipy-1.17.1-cp314-cp314-musllinux_1_2_x86_64.whl", hash = "sha256:08b900519463543aa604a06bec02461558a6e1cef8fdbb8098f77a48a83c8118", size = 37612763, upload-time = "2026-02-23T00:21:37.247Z" },
    { url = "https://pypi.tuna.tsinghua.edu.cn/packages/4b/39/f0e8ea762a764a9dc52aa7dabcfad51a354819de1f0d4652b6a1122424d6/scipy-1.17.1-cp314-cp314-win_amd64.whl", hash = "sha256:3877ac408e14da24a6196de0ddcace62092bfc12a83823e92e49e40747e52c19", size = 37290984, upload-time = "2026-02-23T00:22:35.023Z" },
    { url = "https://pypi.tuna.tsinghua.edu.cn/packages/7c/56/fe201e3b0f93d1a8bcf75d3379affd228a63d7e2d80ab45467a74b494947/scipy-1.17.1-cp314-cp314-win_arm64.whl", hash = "sha256:f8885db0bc2bffa59d5c1b72fad7a6a92d3e80e7257f967dd81abb553a90d293", size = 25192877, upload-time = "2026-02-23T00:22:39.798Z" },
    { url = "https://pypi.tuna.tsinghua.edu.cn/packages/96/ad/f8c414e121f82e02d76f310f16db9899c4fcde36710329502a6b2a3c0392/scipy-1.17.1-cp314-cp314t-macosx_10_14_x86_64.whl", hash = "sha256:1cc682cea2ae55524432f3cdff9e9a3be743d52a7443d0cba9017c23c87ae2f6", size = 31949750, upload-time = "2026-02-23T00:21:42.289Z" },
    { url = "https://pypi.tuna.tsinghua.edu.cn/packages/7c/b0/c741e8865d61b67c81e255f4f0a832846c064e426636cd7de84e74d209be/scipy-1.17.1-cp314-cp314t-macosx_12_0_arm64.whl", hash = "sha256:2040ad4d1795a0ae89bfc7e8429677f365d45aa9fd5e4587cf1ea737f927b4a1", size = 28585858, upload-time = "2026-02-23T00:21:47.706Z" },
    { url = "https://pypi.tuna.tsinghua.edu.cn/packages/ed/1b/3985219c6177866628fa7c2595bfd23f193ceebbe472c98a08824b9466ff/scipy-1.17.1-cp314-cp314t-macosx_14_0_arm64.whl", hash = "sha256:131f5aaea57602008f9822e2115029b55d4b5f7c070287699fe45c661d051e39", size = 20757723, upload-time = "2026-02-23T00:21:52.039Z" },
    { url = "https://pypi.tuna.tsinghua.edu.cn/packages/c0/19/2a04aa25050d656d6f7b9e7b685cc83d6957fb101665bfd9369ca6534563/scipy-1.17.1-cp314-cp314t-macosx_14_0_x86_64.whl", hash = "sha256:9cdc1a2fcfd5c52cfb3045feb399f7b3ce822abdde3a193a6b9a60b3cb5854ca", size = 23043098, upload-time = "2026-02-23T00:21:56.185Z" },
    { url = "https://pypi.tuna.tsinghua.edu.cn/packages/86/f1/3383beb9b5d0dbddd030335bf8a8b32d4317185efe495374f134d8be6cce/scipy-1.17.1-cp314-cp314t-manylinux_2_27_aarch64.manylinux_2_28_aarch64.whl", hash = "sha256:6e3dcd57ab780c741fde8dc68619de988b966db759a3c3152e8e9142c26295ad", size = 33030397, upload-time = "2026-02-23T00:22:01.404Z" },
    { url = "https://pypi.tuna.tsinghua.edu.cn/packages/41/68/8f21e8a65a5a03f25a79165ec9d2b28c00e66dc80546cf5eb803aeeff35b/scipy-1.17.1-cp314-cp314t-manylinux_2_27_x86_64.manylinux_2_28_x86_64.whl", hash = "sha256:a9956e4d4f4a301ebf6cde39850333a6b6110799d470dbbb1e25326ac447f52a", size = 35281163, upload-time = "2026-02-23T00:22:07.024Z" },
    { url = "https://pypi.tuna.tsinghua.edu.cn/packages/84/8d/c8a5e19479554007a5632ed7529e665c315ae7492b4f946b0deb39870e39/scipy-1.17.1-cp314-cp314t-musllinux_1_2_aarch64.whl", hash = "sha256:a4328d245944d09fd639771de275701ccadf5f781ba0ff092ad141e017eccda4", size = 35116291, upload-time = "2026-02-23T00:22:12.585Z" },
    { url = "https://pypi.tuna.tsinghua.edu.cn/packages/52/52/e57eceff0e342a1f50e274264ed47497b59e6a4e3118808ee58ddda7b74a/scipy-1.17.1-cp314-cp314t-musllinux_1_2_x86_64.whl", hash = "sha256:a77cbd07b940d326d39a1d1b37817e2ee4d79cb30e7338f3d0cddffae70fcaa2", size = 37682317, upload-time = "2026-02-23T00:22:18.513Z" },
    { url = "https://pypi.tuna.tsinghua.edu.cn/packages/11/2f/b29eafe4a3fbc3d6de9662b36e028d5f039e72d345e05c250e121a230dd4/scipy-1.17.1-cp314-cp314t-win_amd64.whl", hash = "sha256:eb092099205ef62cd1782b006658db09e2fed75bffcae7cc0d44052d8aa0f484", size = 37345327, upload-time = "2026-02-23T00:22:24.442Z" },
    { url = "https://pypi.tuna.tsinghua.edu.cn/packages/07/39/338d9219c4e87f3e708f18857ecd24d22a0c3094752393319553096b98af/scipy-1.17.1-cp314-cp314t-win_arm64.whl", hash = "sha256:200e1050faffacc162be6a486a984a0497866ec54149a01270adc8a59b7c7d21", size = 25489165, upload-time = "2026-02-23T00:22:29.563Z" },
]

[[package]]
name = "ty"
version = "0.0.44"
source = { registry = "https://pypi.tuna.tsinghua.edu.cn/simple" }
sdist = { url = "https://pypi.tuna.tsinghua.edu.cn/packages/13/f4/fbb120226e4f239652525a664bad976a23fea58c646d1323f2296fee8a61/ty-0.0.44.tar.gz", hash = "sha256:5886229830ab77022842a1c55d2ef57405621a91fc465969fa6d538661898173", size = 5803665, upload-time = "2026-06-05T03:33:48.612Z" }
wheels = [
    { url = "https://pypi.tuna.tsinghua.edu.cn/packages/e8/c6/b5b8c4762efb4d85401652658786506867553ecfc2beac3bcf361a15937f/ty-0.0.44-py3-none-linux_armv6l.whl", hash = "sha256:272d31e7ad49b1dc5e8465a9fe700354e14c755b40d9c75f08f031d786903df3", size = 11607267, upload-time = "2026-06-05T03:33:27.154Z" },
    { url = "https://pypi.tuna.tsinghua.edu.cn/packages/1c/5c/f4b405570737f44ab0fc4214117fe43353f8f0825a1823d9e99e9c8e57be/ty-0.0.44-py3-none-macosx_10_12_x86_64.whl", hash = "sha256:b92c4ddd7a3daf2049715edec9dc70cf6fd31a5a318ee647258f90dd75495eed", size = 11382826, upload-time = "2026-06-05T03:33:54.374Z" },
    { url = "https://pypi.tuna.tsinghua.edu.cn/packages/9d/aa/fb9835aa492b148d7754cb4c3db07f31a7e2e09f0d8e0e8e297f01125dd2/ty-0.0.44-py3-none-macosx_11_0_arm64.whl", hash = "sha256:4d42cfd84a690f6654b2a4f0515027c21b692cf2512d32e6433f754893a95609", size = 10809741, upload-time = "2026-06-05T03:33:33.22Z" },
    { url = "https://pypi.tuna.tsinghua.edu.cn/packages/47/f5/0b20ba6b66837a5a37bab7f74ac0732c66e766b5f0b2d55b30816b15f348/ty-0.0.44-py3-none-manylinux_2_17_aarch64.manylinux2014_aarch64.whl", hash = "sha256:5dc47ae87e4cb7db2a9166bb23b78a905c3626e523296ec5bccf36b5e89bda6b", size = 11318153, upload-time = "2026-06-05T03:34:09.403Z" },
    { url = "https://pypi.tuna.tsinghua.edu.cn/packages/ca/bb/b82ea730774a4f950f06d355fbc120d51eac7da23b57fc79ef6ff7c79cbb/ty-0.0.44-py3-none-manylinux_2_17_armv7l.manylinux2014_armv7l.whl", hash = "sha256:46d867e80f16f421ac72c9a85240dbf050d62d9b3fbd10a8b5b082fb21679e0b", size = 11403108, upload-time = "2026-06-05T03:33:57.745Z" },
    { url = "https://pypi.tuna.tsinghua.edu.cn/packages/8b/41/e2c83856165291049c702eda4e2ef3d3ebd875e8a0a77b8cc4ef3156aa1c/ty-0.0.44-py3-none-manylinux_2_17_i686.manylinux2014_i686.whl", hash = "sha256:411f5de0f96a4e4e5cccc3e0d55954c41f6a99ee6ca1fe5a7226cbc68406e053", size = 11944815, upload-time = "2026-06-05T03:34:15.793Z" },
    { url = "https://pypi.tuna.tsinghua.edu.cn/packages/66/95/1fa6a101eb9d5bec042b87e5ca9c8fc349b75961beca6306f95af5cd5539/ty-0.0.44-py3-none-manylinux_2_17_ppc64le.manylinux2014_ppc64le.whl", hash = "sha256:4b15f01ecb4e2b46c05a1769293f9d32c3d4a1e4e7dfccf37c604d705dc3e3f4", size = 12476121, upload-time = "2026-06-05T03:33:51.529Z" },
    { url = "https://pypi.tuna.tsinghua.edu.cn/packages/72/6a/da4b45b1229d39207c6140681c2aaf4f5691bcb1dc830b84450ca25c8f57/ty-0.0.44-py3-none-manylinux_2_17_s390x.manylinux2014_s390x.whl", hash = "sha256:edd32b7467af509c99c0244c2226a4e4c03400699003ec33373282ab931654d9", size = 12091340, upload-time = "2026-06-05T03:33:36.289Z" },
    { url = "https://pypi.tuna.tsinghua.edu.cn/packages/16/c7/e1c9260ea5188195962ff1214ace418b5d69187e8fa7c0a1ec4994b8071b/ty-0.0.44-py3-none-manylinux_2_17_x86_64.manylinux2014_x86_64.whl", hash = "sha256:503a585f4007387c3afc58bae23a7ca1b9f236cbdb1a881dc36110655ceb1937", size = 11986201, upload-time = "2026-06-05T03:34:00.624Z" },
    { url = "https://pypi.tuna.tsinghua.edu.cn/packages/92/f9/312bb112da9b1a7da295bb0426be85e72ad48da4e4266c36d77256b4058d/ty-0.0.44-py3-none-manylinux_2_31_riscv64.whl", hash = "sha256:2d28bcfa83243d77c2316944e8cf197f73597bf17d1ddc047d0b10a762531252", size = 12168475, upload-time = "2026-06-05T03:33:30.386Z" },
    { url = "https://pypi.tuna.tsinghua.edu.cn/packages/02/de/64978d603f6c3e5dd7cb97eca2214567d8ad0c85fa4a7435b7852ae4b779/ty-0.0.44-py3-none-musllinux_1_2_aarch64.whl", hash = "sha256:56fd2dd0192def189715b25f5338f6222fb827884dc34111e50aa1c4e061cee5", size = 11292937, upload-time = "2026-06-05T03:34:06.448Z" },
    { url = "https://pypi.tuna.tsinghua.edu.cn/packages/64/63/a625d8a3c71dcaa01988d330f849c465fe72ead4b0bbab44fe4bd6e672b5/ty-0.0.44-py3-none-musllinux_1_2_armv7l.whl", hash = "sha256:7f8d990489032de1984e73c159f3e760d754cf83a602b874827d943821f63595", size = 11421560, upload-time = "2026-06-05T03:33:23.995Z" },
    { url = "https://pypi.tuna.tsinghua.edu.cn/packages/99/96/61aeba0e629b0c91bd316ff94d00e38817ec493ae4316f39508988daa287/ty-0.0.44-py3-none-musllinux_1_2_i686.whl", hash = "sha256:f61ffe72996a755432922fe90b28db593f572eb5cbf48e3ef4e67b282533d1b0", size = 11580282, upload-time = "2026-06-05T03:34:03.308Z" },
    { url = "https://pypi.tuna.tsinghua.edu.cn/packages/fa/f7/256e1538ce21cab67b381201444c42454de69d310059c4929d92a0ee9c48/ty-0.0.44-py3-none-musllinux_1_2_x86_64.whl", hash = "sha256:2b237a143bac4f30cec9257d45f01e72da97030a80a09a2b69cfef065f09c37f", size = 12085723, upload-time = "2026-06-05T03:33:45.953Z" },
    { url = "https://pypi.tuna.tsinghua.edu.cn/packages/d3/76/ec3957c10872643a98db7a7895101ad89c5b7cba4bc6c4aebbbfc91756cc/ty-0.0.44-py3-none-win32.whl", hash = "sha256:6a24586c65419223ac5bab4822d49ab493a5d19ea2a897514284c232b9d6166a", size = 10892978, upload-time = "2026-06-05T03:34:12.603Z" },
    { url = "https://pypi.tuna.tsinghua.edu.cn/packages/a5/7d/ba24050432196e7d7f03945e5c379951593c48e04e5c5d5275cfc4624791/ty-0.0.44-py3-none-win_amd64.whl", hash = "sha256:8cccb27e348c89a9733fbad1b2efadfbad79b107c7e52adb52dfd8a70156a38d", size = 11987058, upload-time = "2026-06-05T03:33:42.692Z" },
    { url = "https://pypi.tuna.tsinghua.edu.cn/packages/71/34/16ec3f1fec75292d9c56a8b5fef037ceaba85a5c30562206c1a245a00a67/ty-0.0.44-py3-none-win_arm64.whl", hash = "sha256:58049504e7a12bf1957f24a5384a332c94d5590127083a80db5e5a1bed34190b", size = 11329961, upload-time = "2026-06-05T03:33:39.427Z" },
]
